
Microsoft Visual Studio Solution File, Format Version 12.00
# Visual Studio Version 16
VisualStudioVersion = 16.0.30907.101
MinimumVisualStudioVersion = 10.0.40219.1
Project("{FAE04EC0-301F-11D3-BF4B-00C04F79EFBC}") = "Business", "Business\Business.csproj", "{907FB822-9DB0-4A5F-B887-387F0C0C38B6}"
EndProject
Project("{FAE04EC0-301F-11D3-BF4B-00C04F79EFBC}") = "DataAccess", "DataAccess\DataAccess.csproj", "{ACF9F2BC-BE6E-4D6A-9323-D6CAFA3FEC47}"
EndProject
Project("{FAE04EC0-301F-11D3-BF4B-00C04F79EFBC}") = "Entities", "Entities\Entities.csproj", "{A7AF5BEC-46B0-49FE-8F4C-823E0D505FC3}"
EndProject
Project("{FAE04EC0-301F-11D3-BF4B-00C04F79EFBC}") = "ConsoleUI", "ConsoleUI\ConsoleUI.csproj", "{D5ADACD7-93B4-4941-BAD5-857524FD46EE}"
EndProject
Global
	GlobalSection(SolutionConfigurationPlatforms) = preSolution
		Debug|Any CPU = Debug|Any CPU
		Release|Any CPU = Release|Any CPU
	EndGlobalSection
	GlobalSection(ProjectConfigurationPlatforms) = postSolution
		{907FB822-9DB0-4A5F-B887-387F0C0C38B6}.Debug|Any CPU.ActiveCfg = Debug|Any CPU
		{907FB822-9DB0-4A5F-B887-387F0C0C38B6}.Debug|Any CPU.Build.0 = Debug|Any CPU
		{907FB822-9DB0-4A5F-B887-387F0C0C38B6}.Release|Any CPU.ActiveCfg = Release|Any CPU
		{907FB822-9DB0-4A5F-B887-387F0C0C38B6}.Release|Any CPU.Build.0 = Release|Any CPU
		{ACF9F2BC-BE6E-4D6A-9323-D6CAFA3FEC47}.Debug|Any CPU.ActiveCfg = Debug|Any CPU
		{ACF9F2BC-BE6E-4D6A-9323-D6CAFA3FEC47}.Debug|Any CPU.Build.0 = Debug|Any CPU
		{ACF9F2BC-BE6E-4D6A-9323-D6CAFA3FEC47}.Release|Any CPU.ActiveCfg = Release|Any CPU
		{ACF9F2BC-BE6E-4D6A-9323-D6CAFA3FEC47}.Release|Any CPU.Build.0 = Release|Any CPU
		{A7AF5BEC-46B0-49FE-8F4C-823E0D505FC3}.Debug|Any CPU.ActiveCfg = Debug|Any CPU
		{A7AF5BEC-46B0-49FE-8F4C-823E0D505FC3}.Debug|Any CPU.Build.0 = Debug|Any CPU
		{A7AF5BEC-46B0-49FE-8F4C-823E0D505FC3}.Release|Any CPU.ActiveCfg = Release|Any CPU
		{A7AF5BEC-46B0-49FE-8F4C-823E0D505FC3}.Release|Any CPU.Build.0 = Release|Any CPU
		{D5ADACD7-93B4-4941-BAD5-857524FD46EE}.Debug|Any CPU.ActiveCfg = Debug|Any CPU
		{D5ADACD7-93B4-4941-BAD5-857524FD46EE}.Debug|Any CPU.Build.0 = Debug|Any CPU
		{D5ADACD7-93B4-4941-BAD5-857524FD46EE}.Release|Any CPU.ActiveCfg = Release|Any CPU
		{D5ADACD7-93B4-4941-BAD5-857524FD46EE}.Release|Any CPU.Build.0 = Release|Any CPU
	EndGlobalSection
	GlobalSection(SolutionProperties) = preSolution
		HideSolutionNode = FALSE
	EndGlobalSection
	GlobalSection(ExtensibilityGlobals) = postSolution
		SolutionGuid = {54F4EE58-B223-4CF4-8218-49009BF7B35A}
	EndGlobalSection
EndGlobal
