
Microsoft Visual Studio Solution File, Format Version 12.00
# Visual Studio Version 16
VisualStudioVersion = 16.0.30907.101
MinimumVisualStudioVersion = 10.0.40219.1
Project("{FAE04EC0-301F-11D3-BF4B-00C04F79EFBC}") = "DataAccess", "DataAccess\DataAccess.csproj", "{EC0F3E2B-F161-455D-A307-341DCAB8281D}"
EndProject
Project("{FAE04EC0-301F-11D3-BF4B-00C04F79EFBC}") = "Business", "Business\Business.csproj", "{52BE65F5-A7FE-45F7-A07B-FF83BAF5D2BE}"
EndProject
Project("{FAE04EC0-301F-11D3-BF4B-00C04F79EFBC}") = "Entities", "Entities\Entities.csproj", "{F0BDA367-64EA-43EA-8E29-477D15BCB0CC}"
EndProject
Project("{FAE04EC0-301F-11D3-BF4B-00C04F79EFBC}") = "ConsoleUI", "ConsoleUI\ConsoleUI.csproj", "{5DF22487-502F-4672-B9D3-94A9A7F6AD68}"
EndProject
Global
	GlobalSection(SolutionConfigurationPlatforms) = preSolution
		Debug|Any CPU = Debug|Any CPU
		Release|Any CPU = Release|Any CPU
	EndGlobalSection
	GlobalSection(ProjectConfigurationPlatforms) = postSolution
		{EC0F3E2B-F161-455D-A307-341DCAB8281D}.Debug|Any CPU.ActiveCfg = Debug|Any CPU
		{EC0F3E2B-F161-455D-A307-341DCAB8281D}.Debug|Any CPU.Build.0 = Debug|Any CPU
		{EC0F3E2B-F161-455D-A307-341DCAB8281D}.Release|Any CPU.ActiveCfg = Release|Any CPU
		{EC0F3E2B-F161-455D-A307-341DCAB8281D}.Release|Any CPU.Build.0 = Release|Any CPU
		{52BE65F5-A7FE-45F7-A07B-FF83BAF5D2BE}.Debug|Any CPU.ActiveCfg = Debug|Any CPU
		{52BE65F5-A7FE-45F7-A07B-FF83BAF5D2BE}.Debug|Any CPU.Build.0 = Debug|Any CPU
		{52BE65F5-A7FE-45F7-A07B-FF83BAF5D2BE}.Release|Any CPU.ActiveCfg = Release|Any CPU
		{52BE65F5-A7FE-45F7-A07B-FF83BAF5D2BE}.Release|Any CPU.Build.0 = Release|Any CPU
		{F0BDA367-64EA-43EA-8E29-477D15BCB0CC}.Debug|Any CPU.ActiveCfg = Debug|Any CPU
		{F0BDA367-64EA-43EA-8E29-477D15BCB0CC}.Debug|Any CPU.Build.0 = Debug|Any CPU
		{F0BDA367-64EA-43EA-8E29-477D15BCB0CC}.Release|Any CPU.ActiveCfg = Release|Any CPU
		{F0BDA367-64EA-43EA-8E29-477D15BCB0CC}.Release|Any CPU.Build.0 = Release|Any CPU
		{5DF22487-502F-4672-B9D3-94A9A7F6AD68}.Debug|Any CPU.ActiveCfg = Debug|Any CPU
		{5DF22487-502F-4672-B9D3-94A9A7F6AD68}.Debug|Any CPU.Build.0 = Debug|Any CPU
		{5DF22487-502F-4672-B9D3-94A9A7F6AD68}.Release|Any CPU.ActiveCfg = Release|Any CPU
		{5DF22487-502F-4672-B9D3-94A9A7F6AD68}.Release|Any CPU.Build.0 = Release|Any CPU
	EndGlobalSection
	GlobalSection(SolutionProperties) = preSolution
		HideSolutionNode = FALSE
	EndGlobalSection
	GlobalSection(ExtensibilityGlobals) = postSolution
		SolutionGuid = {D5460E5A-C2A7-4EE4-9DFC-62CC6950E965}
	EndGlobalSection
EndGlobal
